
Microsoft Visual Studio Solution File, Format Version 12.00
# Visual Studio 15
VisualStudioVersion = 15.0.28307.329
MinimumVisualStudioVersion = 10.0.40219.1
Project("{FAE04EC0-301F-11D3-BF4B-00C04F79EFBC}") = "LoginProject", "LoginProject\LoginProject.csproj", "{05229C03-ECD2-4A1F-B5A5-EBE947715FAC}"
EndProject
Global
	GlobalSection(SolutionConfigurationPlatforms) = preSolution
		Debug|Any CPU = Debug|Any CPU
		Release|Any CPU = Release|Any CPU
	EndGlobalSection
	GlobalSection(ProjectConfigurationPlatforms) = postSolution
		{05229C03-ECD2-4A1F-B5A5-EBE947715FAC}.Debug|Any CPU.ActiveCfg = Debug|Any CPU
		{05229C03-ECD2-4A1F-B5A5-EBE947715FAC}.Debug|Any CPU.Build.0 = Debug|Any CPU
		{05229C03-ECD2-4A1F-B5A5-EBE947715FAC}.Debug|Any CPU.Deploy.0 = Debug|Any CPU
		{05229C03-ECD2-4A1F-B5A5-EBE947715FAC}.Release|Any CPU.ActiveCfg = Release|Any CPU
		{05229C03-ECD2-4A1F-B5A5-EBE947715FAC}.Release|Any CPU.Build.0 = Release|Any CPU
		{05229C03-ECD2-4A1F-B5A5-EBE947715FAC}.Release|Any CPU.Deploy.0 = Release|Any CPU
	EndGlobalSection
	GlobalSection(SolutionProperties) = preSolution
		HideSolutionNode = FALSE
	EndGlobalSection
	GlobalSection(ExtensibilityGlobals) = postSolution
		SolutionGuid = {3273A619-DCE6-4189-AD7E-0D21FE0A5C78}
	EndGlobalSection
EndGlobal
